
Microsoft Visual Studio Solution File, Format Version 12.00
# Visual Studio Version 17
VisualStudioVersion = 17.8.34309.116
MinimumVisualStudioVersion = 10.0.40219.1
Project("{FAE04EC0-301F-11D3-BF4B-00C04F79EFBC}") = "MovieShop", "MovieShop\MovieShop.csproj", "{D5C446CB-8B9C-47F0-B830-34A3A67E6539}"
EndProject
Global
	GlobalSection(SolutionConfigurationPlatforms) = preSolution
		Debug|Any CPU = Debug|Any CPU
		Release|Any CPU = Release|Any CPU
	EndGlobalSection
	GlobalSection(ProjectConfigurationPlatforms) = postSolution
		{D5C446CB-8B9C-47F0-B830-34A3A67E6539}.Debug|Any CPU.ActiveCfg = Debug|Any CPU
		{D5C446CB-8B9C-47F0-B830-34A3A67E6539}.Debug|Any CPU.Build.0 = Debug|Any CPU
		{D5C446CB-8B9C-47F0-B830-34A3A67E6539}.Release|Any CPU.ActiveCfg = Release|Any CPU
		{D5C446CB-8B9C-47F0-B830-34A3A67E6539}.Release|Any CPU.Build.0 = Release|Any CPU
	EndGlobalSection
	GlobalSection(SolutionProperties) = preSolution
		HideSolutionNode = FALSE
	EndGlobalSection
	GlobalSection(ExtensibilityGlobals) = postSolution
		SolutionGuid = {67AFB916-4382-4370-9E5D-82B5350A7DFF}
	EndGlobalSection
EndGlobal
